
Microsoft Visual Studio Solution File, Format Version 12.00
# Visual Studio Version 17
VisualStudioVersion = 17.9.34728.123
MinimumVisualStudioVersion = 10.0.40219.1
Project("{FAE04EC0-301F-11D3-BF4B-00C04F79EFBC}") = "Week3ChallengeLab3", "Week3ChallengeLab3.csproj", "{A81679CA-F13F-4223-A560-31F42509E095}"
EndProject
Global
	GlobalSection(SolutionConfigurationPlatforms) = preSolution
		Debug|Any CPU = Debug|Any CPU
		Release|Any CPU = Release|Any CPU
	EndGlobalSection
	GlobalSection(ProjectConfigurationPlatforms) = postSolution
		{A81679CA-F13F-4223-A560-31F42509E095}.Debug|Any CPU.ActiveCfg = Debug|Any CPU
		{A81679CA-F13F-4223-A560-31F42509E095}.Debug|Any CPU.Build.0 = Debug|Any CPU
		{A81679CA-F13F-4223-A560-31F42509E095}.Release|Any CPU.ActiveCfg = Release|Any CPU
		{A81679CA-F13F-4223-A560-31F42509E095}.Release|Any CPU.Build.0 = Release|Any CPU
	EndGlobalSection
	GlobalSection(SolutionProperties) = preSolution
		HideSolutionNode = FALSE
	EndGlobalSection
	GlobalSection(ExtensibilityGlobals) = postSolution
		SolutionGuid = {E28C2E9E-B8D8-45D4-8F5A-7E024DF85F80}
	EndGlobalSection
EndGlobal
